
Microsoft Visual Studio Solution File, Format Version 12.00
# Visual Studio Version 17
VisualStudioVersion = 17.11.35312.102
MinimumVisualStudioVersion = 10.0.40219.1
Project("{FAE04EC0-301F-11D3-BF4B-00C04F79EFBC}") = "AdapterDesignPattern", "StructuralDesignPattern\AdapterDesignPattern.csproj", "{3050750B-2115-42A0-9510-CD2D644AF796}"
EndProject
Project("{FAE04EC0-301F-11D3-BF4B-00C04F79EFBC}") = "DecoratorDesignPattern", "DecoratorDesignPattern\DecoratorDesignPattern.csproj", "{C41F6E7A-0EE1-411C-8961-EB3D2C757BE5}"
EndProject
Global
	GlobalSection(SolutionConfigurationPlatforms) = preSolution
		Debug|Any CPU = Debug|Any CPU
		Release|Any CPU = Release|Any CPU
	EndGlobalSection
	GlobalSection(ProjectConfigurationPlatforms) = postSolution
		{3050750B-2115-42A0-9510-CD2D644AF796}.Debug|Any CPU.ActiveCfg = Debug|Any CPU
		{3050750B-2115-42A0-9510-CD2D644AF796}.Debug|Any CPU.Build.0 = Debug|Any CPU
		{3050750B-2115-42A0-9510-CD2D644AF796}.Release|Any CPU.ActiveCfg = Release|Any CPU
		{3050750B-2115-42A0-9510-CD2D644AF796}.Release|Any CPU.Build.0 = Release|Any CPU
		{C41F6E7A-0EE1-411C-8961-EB3D2C757BE5}.Debug|Any CPU.ActiveCfg = Debug|Any CPU
		{C41F6E7A-0EE1-411C-8961-EB3D2C757BE5}.Debug|Any CPU.Build.0 = Debug|Any CPU
		{C41F6E7A-0EE1-411C-8961-EB3D2C757BE5}.Release|Any CPU.ActiveCfg = Release|Any CPU
		{C41F6E7A-0EE1-411C-8961-EB3D2C757BE5}.Release|Any CPU.Build.0 = Release|Any CPU
	EndGlobalSection
	GlobalSection(SolutionProperties) = preSolution
		HideSolutionNode = FALSE
	EndGlobalSection
	GlobalSection(ExtensibilityGlobals) = postSolution
		SolutionGuid = {4C553C5F-40E0-440B-A288-1F3EF6007F8B}
	EndGlobalSection
EndGlobal
