
Microsoft Visual Studio Solution File, Format Version 12.00
# Visual Studio Version 17
VisualStudioVersion = 17.11.35222.181
MinimumVisualStudioVersion = 10.0.40219.1
Project("{9A19103F-16F7-4668-BE54-9A1E7A4F7556}") = "BuilderPattern", "CreationalDesignPAttern\BuilderPattern.csproj", "{F7B37509-F961-44F8-9014-EB45F5458CFB}"
EndProject
Project("{FAE04EC0-301F-11D3-BF4B-00C04F79EFBC}") = "FactoryPattern", "FactoryPattern\FactoryPattern.csproj", "{54882A66-161C-4595-A6E0-EC3E8ED69212}"
EndProject
Global
	GlobalSection(SolutionConfigurationPlatforms) = preSolution
		Debug|Any CPU = Debug|Any CPU
		Release|Any CPU = Release|Any CPU
	EndGlobalSection
	GlobalSection(ProjectConfigurationPlatforms) = postSolution
		{F7B37509-F961-44F8-9014-EB45F5458CFB}.Debug|Any CPU.ActiveCfg = Debug|Any CPU
		{F7B37509-F961-44F8-9014-EB45F5458CFB}.Debug|Any CPU.Build.0 = Debug|Any CPU
		{F7B37509-F961-44F8-9014-EB45F5458CFB}.Release|Any CPU.ActiveCfg = Release|Any CPU
		{F7B37509-F961-44F8-9014-EB45F5458CFB}.Release|Any CPU.Build.0 = Release|Any CPU
		{54882A66-161C-4595-A6E0-EC3E8ED69212}.Debug|Any CPU.ActiveCfg = Debug|Any CPU
		{54882A66-161C-4595-A6E0-EC3E8ED69212}.Debug|Any CPU.Build.0 = Debug|Any CPU
		{54882A66-161C-4595-A6E0-EC3E8ED69212}.Release|Any CPU.ActiveCfg = Release|Any CPU
		{54882A66-161C-4595-A6E0-EC3E8ED69212}.Release|Any CPU.Build.0 = Release|Any CPU
	EndGlobalSection
	GlobalSection(SolutionProperties) = preSolution
		HideSolutionNode = FALSE
	EndGlobalSection
	GlobalSection(ExtensibilityGlobals) = postSolution
		SolutionGuid = {E9372C2A-D105-4C2B-9FFA-519E05AF7290}
	EndGlobalSection
EndGlobal
